
Microsoft Visual Studio Solution File, Format Version 12.00
# Visual Studio Version 17
VisualStudioVersion = 17.6.33927.249
MinimumVisualStudioVersion = 10.0.40219.1
Project("{9A19103F-16F7-4668-BE54-9A1E7A4F7556}") = "LingoAITutor.Host", "LingoAITutor.Host\LingoAITutor.Host.csproj", "{BE4A1307-BF85-43E2-93FA-0A4D73CFD220}"
EndProject
Global
	GlobalSection(SolutionConfigurationPlatforms) = preSolution
		Debug|Any CPU = Debug|Any CPU
		Release|Any CPU = Release|Any CPU
	EndGlobalSection
	GlobalSection(ProjectConfigurationPlatforms) = postSolution
		{BE4A1307-BF85-43E2-93FA-0A4D73CFD220}.Debug|Any CPU.ActiveCfg = Debug|Any CPU
		{BE4A1307-BF85-43E2-93FA-0A4D73CFD220}.Debug|Any CPU.Build.0 = Debug|Any CPU
		{BE4A1307-BF85-43E2-93FA-0A4D73CFD220}.Release|Any CPU.ActiveCfg = Release|Any CPU
		{BE4A1307-BF85-43E2-93FA-0A4D73CFD220}.Release|Any CPU.Build.0 = Release|Any CPU
	EndGlobalSection
	GlobalSection(SolutionProperties) = preSolution
		HideSolutionNode = FALSE
	EndGlobalSection
	GlobalSection(ExtensibilityGlobals) = postSolution
		SolutionGuid = {14BEFDBA-E42F-4A86-A25B-5A6500F7FF2D}
	EndGlobalSection
EndGlobal
